// !$*UTF8*$!
{
	archiveVersion = 1;
	classes = {
	};
	objectVersion = 55;
	objects = {

/* Begin PBXBuildFile section */
		D21C5FAD2826F01A00228A71 /* PhotoCatalogApp.swift in Sources */ = {isa = PBXBuildFile; fileRef = D21C5FAC2826F01A00228A71 /* PhotoCatalogApp.swift */; };
		D21C5FAF2826F01A00228A71 /* ContentView.swift in Sources */ = {isa = PBXBuildFile; fileRef = D21C5FAE2826F01A00228A71 /* ContentView.swift */; };
		D21C5FC72826F12000228A71 /* PhotoListView.swift in Sources */ = {isa = PBXBuildFile; fileRef = D21C5FC62826F12000228A71 /* PhotoListView.swift */; };
		D21C5FC92826F12900228A71 /* PhotoListViewModel.swift in Sources */ = {isa = PBXBuildFile; fileRef = D21C5FC82826F12900228A71 /* PhotoListViewModel.swift */; };
		D21C5FCB2826F13F00228A71 /* PhotoListItemView.swift in Sources */ = {isa = PBXBuildFile; fileRef = D21C5FCA2826F13F00228A71 /* PhotoListItemView.swift */; };
		D21C5FCD2826F14B00228A71 /* PhotoListItemViewModel.swift in Sources */ = {isa = PBXBuildFile; fileRef = D21C5FCC2826F14B00228A71 /* PhotoListItemViewModel.swift */; };
		D21C5FD22826F35B00228A71 /* Photo.swift in Sources */ = {isa = PBXBuildFile; fileRef = D21C5FD12826F35B00228A71 /* Photo.swift */; };
		D21C5FD62827024400228A71 /* String+Error.swift in Sources */ = {isa = PBXBuildFile; fileRef = D21C5FD52827024400228A71 /* String+Error.swift */; };
/* End PBXBuildFile section */

/* Begin PBXFileReference section */
		D21C5FA92826F01900228A71 /* PhotoCatalog.app */ = {isa = PBXFileReference; explicitFileType = wrapper.application; includeInIndex = 0; path = PhotoCatalog.app; sourceTree = BUILT_PRODUCTS_DIR; };
		D21C5FAC2826F01A00228A71 /* PhotoCatalogApp.swift */ = {isa = PBXFileReference; lastKnownFileType = sourcecode.swift; path = PhotoCatalogApp.swift; sourceTree = "<group>"; };
		D21C5FAE2826F01A00228A71 /* ContentView.swift */ = {isa = PBXFileReference; lastKnownFileType = sourcecode.swift; path = ContentView.swift; sourceTree = "<group>"; };
		D21C5FC62826F12000228A71 /* PhotoListView.swift */ = {isa = PBXFileReference; lastKnownFileType = sourcecode.swift; path = PhotoListView.swift; sourceTree = "<group>"; };
		D21C5FC82826F12900228A71 /* PhotoListViewModel.swift */ = {isa = PBXFileReference; lastKnownFileType = sourcecode.swift; path = PhotoListViewModel.swift; sourceTree = "<group>"; };
		D21C5FCA2826F13F00228A71 /* PhotoListItemView.swift */ = {isa = PBXFileReference; lastKnownFileType = sourcecode.swift; path = PhotoListItemView.swift; sourceTree = "<group>"; };
		D21C5FCC2826F14B00228A71 /* PhotoListItemViewModel.swift */ = {isa = PBXFileReference; lastKnownFileType = sourcecode.swift; path = PhotoListItemViewModel.swift; sourceTree = "<group>"; };
		D21C5FD12826F35B00228A71 /* Photo.swift */ = {isa = PBXFileReference; lastKnownFileType = sourcecode.swift; path = Photo.swift; sourceTree = "<group>"; };
		D21C5FD52827024400228A71 /* String+Error.swift */ = {isa = PBXFileReference; lastKnownFileType = sourcecode.swift; path = "String+Error.swift"; sourceTree = "<group>"; };
/* End PBXFileReference section */

/* Begin PBXFrameworksBuildPhase section */
		D21C5FA62826F01900228A71 /* Frameworks */ = {
			isa = PBXFrameworksBuildPhase;
			buildActionMask = 2147483647;
			files = (
			);
			runOnlyForDeploymentPostprocessing = 0;
		};
/* End PBXFrameworksBuildPhase section */

/* Begin PBXGroup section */
		D21C5FA02826F01900228A71 = {
			isa = PBXGroup;
			children = (
				D21C5FAB2826F01A00228A71 /* PhotoCatalog */,
				D21C5FAA2826F01900228A71 /* Products */,
			);
			sourceTree = "<group>";
		};
		D21C5FAA2826F01900228A71 /* Products */ = {
			isa = PBXGroup;
			children = (
				D21C5FA92826F01900228A71 /* PhotoCatalog.app */,
			);
			name = Products;
			sourceTree = "<group>";
		};
		D21C5FAB2826F01A00228A71 /* PhotoCatalog */ = {
			isa = PBXGroup;
			children = (
				D21C5FAC2826F01A00228A71 /* PhotoCatalogApp.swift */,
				D26D780C282A3E390079F8EE /* View */,
				D26D780B282A3E2E0079F8EE /* Model */,
				D21C5FD02826F17400228A71 /* Utility */,
			);
			path = PhotoCatalog;
			sourceTree = "<group>";
		};
		D21C5FCE2826F15A00228A71 /* PhotoList */ = {
			isa = PBXGroup;
			children = (
				D21C5FC62826F12000228A71 /* PhotoListView.swift */,
				D21C5FC82826F12900228A71 /* PhotoListViewModel.swift */,
			);
			path = PhotoList;
			sourceTree = "<group>";
		};
		D21C5FCF2826F16800228A71 /* PhotoListItem */ = {
			isa = PBXGroup;
			children = (
				D21C5FCA2826F13F00228A71 /* PhotoListItemView.swift */,
				D21C5FCC2826F14B00228A71 /* PhotoListItemViewModel.swift */,
			);
			path = PhotoListItem;
			sourceTree = "<group>";
		};
		D21C5FD02826F17400228A71 /* Utility */ = {
			isa = PBXGroup;
			children = (
				D21C5FD52827024400228A71 /* String+Error.swift */,
			);
			path = Utility;
			sourceTree = "<group>";
		};
		D26D780B282A3E2E0079F8EE /* Model */ = {
			isa = PBXGroup;
			children = (
				D21C5FD12826F35B00228A71 /* Photo.swift */,
			);
			path = Model;
			sourceTree = "<group>";
		};
		D26D780C282A3E390079F8EE /* View */ = {
			isa = PBXGroup;
			children = (
				D21C5FAE2826F01A00228A71 /* ContentView.swift */,
				D21C5FCE2826F15A00228A71 /* PhotoList */,
				D21C5FCF2826F16800228A71 /* PhotoListItem */,
			);
			path = View;
			sourceTree = "<group>";
		};
/* End PBXGroup section */

/* Begin PBXNativeTarget section */
		D21C5FA82826F01900228A71 /* PhotoCatalog */ = {
			isa = PBXNativeTarget;
			buildConfigurationList = D21C5FB72826F01C00228A71 /* Build configuration list for PBXNativeTarget "PhotoCatalog" */;
			buildPhases = (
				D21C5FA52826F01900228A71 /* Sources */,
				D21C5FA62826F01900228A71 /* Frameworks */,
				D21C5FA72826F01900228A71 /* Resources */,
			);
			buildRules = (
			);
			dependencies = (
			);
			name = PhotoCatalog;
			productName = ImageCatalog;
			productReference = D21C5FA92826F01900228A71 /* PhotoCatalog.app */;
			productType = "com.apple.product-type.application";
		};
/* End PBXNativeTarget section */

/* Begin PBXProject section */
		D21C5FA12826F01900228A71 /* Project object */ = {
			isa = PBXProject;
			attributes = {
				BuildIndependentTargetsInParallel = 1;
				LastSwiftUpdateCheck = 1330;
				LastUpgradeCheck = 1330;
				TargetAttributes = {
					D21C5FA82826F01900228A71 = {
						CreatedOnToolsVersion = 13.3.1;
					};
				};
			};
			buildConfigurationList = D21C5FA42826F01900228A71 /* Build configuration list for PBXProject "PhotoCatalog" */;
			compatibilityVersion = "Xcode 13.0";
			developmentRegion = en;
			hasScannedForEncodings = 0;
			knownRegions = (
				en,
				Base,
			);
			mainGroup = D21C5FA02826F01900228A71;
			productRefGroup = D21C5FAA2826F01900228A71 /* Products */;
			projectDirPath = "";
			projectRoot = "";
			targets = (
				D21C5FA82826F01900228A71 /* PhotoCatalog */,
			);
		};
/* End PBXProject section */

/* Begin PBXResourcesBuildPhase section */
		D21C5FA72826F01900228A71 /* Resources */ = {
			isa = PBXResourcesBuildPhase;
			buildActionMask = 2147483647;
			files = (
			);
			runOnlyForDeploymentPostprocessing = 0;
		};
/* End PBXResourcesBuildPhase section */

/* Begin PBXSourcesBuildPhase section */
		D21C5FA52826F01900228A71 /* Sources */ = {
			isa = PBXSourcesBuildPhase;
			buildActionMask = 2147483647;
			files = (
				D21C5FD22826F35B00228A71 /* Photo.swift in Sources */,
				D21C5FCD2826F14B00228A71 /* PhotoListItemViewModel.swift in Sources */,
				D21C5FCB2826F13F00228A71 /* PhotoListItemView.swift in Sources */,
				D21C5FC92826F12900228A71 /* PhotoListViewModel.swift in Sources */,
				D21C5FAF2826F01A00228A71 /* ContentView.swift in Sources */,
				D21C5FD62827024400228A71 /* String+Error.swift in Sources */,
				D21C5FAD2826F01A00228A71 /* PhotoCatalogApp.swift in Sources */,
				D21C5FC72826F12000228A71 /* PhotoListView.swift in Sources */,
			);
			runOnlyForDeploymentPostprocessing = 0;
		};
/* End PBXSourcesBuildPhase section */

/* Begin XCBuildConfiguration section */
		D21C5FB52826F01C00228A71 /* Debug */ = {
			isa = XCBuildConfiguration;
			buildSettings = {
				ALWAYS_SEARCH_USER_PATHS = NO;
				CLANG_ANALYZER_NONNULL = YES;
				CLANG_ANALYZER_NUMBER_OBJECT_CONVERSION = YES_AGGRESSIVE;
				CLANG_CXX_LANGUAGE_STANDARD = "gnu++17";
				CLANG_ENABLE_MODULES = YES;
				CLANG_ENABLE_OBJC_ARC = YES;
				CLANG_ENABLE_OBJC_WEAK = YES;
				CLANG_WARN_BLOCK_CAPTURE_AUTORELEASING = YES;
				CLANG_WARN_BOOL_CONVERSION = YES;
				CLANG_WARN_COMMA = YES;
				CLANG_WARN_CONSTANT_CONVERSION = YES;
				CLANG_WARN_DEPRECATED_OBJC_IMPLEMENTATIONS = YES;
				CLANG_WARN_DIRECT_OBJC_ISA_USAGE = YES_ERROR;
				CLANG_WARN_DOCUMENTATION_COMMENTS = YES;
				CLANG_WARN_EMPTY_BODY = YES;
				CLANG_WARN_ENUM_CONVERSION = YES;
				CLANG_WARN_INFINITE_RECURSION = YES;
				CLANG_WARN_INT_CONVERSION = YES;
				CLANG_WARN_NON_LITERAL_NULL_CONVERSION = YES;
				CLANG_WARN_OBJC_IMPLICIT_RETAIN_SELF = YES;
				CLANG_WARN_OBJC_LITERAL_CONVERSION = YES;
				CLANG_WARN_OBJC_ROOT_CLASS = YES_ERROR;
				CLANG_WARN_QUOTED_INCLUDE_IN_FRAMEWORK_HEADER = YES;
				CLANG_WARN_RANGE_LOOP_ANALYSIS = YES;
				CLANG_WARN_STRICT_PROTOTYPES = YES;
				CLANG_WARN_SUSPICIOUS_MOVE = YES;
				CLANG_WARN_UNGUARDED_AVAILABILITY = YES_AGGRESSIVE;
				CLANG_WARN_UNREACHABLE_CODE = YES;
				CLANG_WARN__DUPLICATE_METHOD_MATCH = YES;
				COPY_PHASE_STRIP = NO;
				DEBUG_INFORMATION_FORMAT = dwarf;
				ENABLE_STRICT_OBJC_MSGSEND = YES;
				ENABLE_TESTABILITY = YES;
				GCC_C_LANGUAGE_STANDARD = gnu11;
				GCC_DYNAMIC_NO_PIC = NO;
				GCC_NO_COMMON_BLOCKS = YES;
				GCC_OPTIMIZATION_LEVEL = 0;
				GCC_PREPROCESSOR_DEFINITIONS = (
					"DEBUG=1",
					"$(inherited)",
				);
				GCC_WARN_64_TO_32_BIT_CONVERSION = YES;
				GCC_WARN_ABOUT_RETURN_TYPE = YES_ERROR;
				GCC_WARN_UNDECLARED_SELECTOR = YES;
				GCC_WARN_UNINITIALIZED_AUTOS = YES_AGGRESSIVE;
				GCC_WARN_UNUSED_FUNCTION = YES;
				GCC_WARN_UNUSED_VARIABLE = YES;
				IPHONEOS_DEPLOYMENT_TARGET = 15.2;
				MTL_ENABLE_DEBUG_INFO = INCLUDE_SOURCE;
				MTL_FAST_MATH = YES;
				ONLY_ACTIVE_ARCH = YES;
				SDKROOT = iphoneos;
				SWIFT_ACTIVE_COMPILATION_CONDITIONS = DEBUG;
				SWIFT_OPTIMIZATION_LEVEL = "-Onone";
			};
			name = Debug;
		};
		D21C5FB62826F01C00228A71 /* Release */ = {
			isa = XCBuildConfiguration;
			buildSettings = {
				ALWAYS_SEARCH_USER_PATHS = NO;
				CLANG_ANALYZER_NONNULL = YES;
				CLANG_ANALYZER_NUMBER_OBJECT_CONVERSION = YES_AGGRESSIVE;
				CLANG_CXX_LANGUAGE_STANDARD = "gnu++17";
				CLANG_ENABLE_MODULES = YES;
				CLANG_ENABLE_OBJC_ARC = YES;
				CLANG_ENABLE_OBJC_WEAK = YES;
				CLANG_WARN_BLOCK_CAPTURE_AUTORELEASING = YES;
				CLANG_WARN_BOOL_CONVERSION = YES;
				CLANG_WARN_COMMA = YES;
				CLANG_WARN_CONSTANT_CONVERSION = YES;
				CLANG_WARN_DEPRECATED_OBJC_IMPLEMENTATIONS = YES;
				CLANG_WARN_DIRECT_OBJC_ISA_USAGE = YES_ERROR;
				CLANG_WARN_DOCUMENTATION_COMMENTS = YES;
				CLANG_WARN_EMPTY_BODY = YES;
				CLANG_WARN_ENUM_CONVERSION = YES;
				CLANG_WARN_INFINITE_RECURSION = YES;
				CLANG_WARN_INT_CONVERSION = YES;
				CLANG_WARN_NON_LITERAL_NULL_CONVERSION = YES;
				CLANG_WARN_OBJC_IMPLICIT_RETAIN_SELF = YES;
				CLANG_WARN_OBJC_LITERAL_CONVERSION = YES;
				CLANG_WARN_OBJC_ROOT_CLASS = YES_ERROR;
				CLANG_WARN_QUOTED_INCLUDE_IN_FRAMEWORK_HEADER = YES;
				CLANG_WARN_RANGE_LOOP_ANALYSIS = YES;
				CLANG_WARN_STRICT_PROTOTYPES = YES;
				CLANG_WARN_SUSPICIOUS_MOVE = YES;
				CLANG_WARN_UNGUARDED_AVAILABILITY = YES_AGGRESSIVE;
				CLANG_WARN_UNREACHABLE_CODE = YES;
				CLANG_WARN__DUPLICATE_METHOD_MATCH = YES;
				COPY_PHASE_STRIP = NO;
				DEBUG_INFORMATION_FORMAT = "dwarf-with-dsym";
				ENABLE_NS_ASSERTIONS = NO;
				ENABLE_STRICT_OBJC_MSGSEND = YES;
				GCC_C_LANGUAGE_STANDARD = gnu11;
				GCC_NO_COMMON_BLOCKS = YES;
				GCC_WARN_64_TO_32_BIT_CONVERSION = YES;
				GCC_WARN_ABOUT_RETURN_TYPE = YES_ERROR;
				GCC_WARN_UNDECLARED_SELECTOR = YES;
				GCC_WARN_UNINITIALIZED_AUTOS = YES_AGGRESSIVE;
				GCC_WARN_UNUSED_FUNCTION = YES;
				GCC_WARN_UNUSED_VARIABLE = YES;
				IPHONEOS_DEPLOYMENT_TARGET = 15.2;
				MTL_ENABLE_DEBUG_INFO = NO;
				MTL_FAST_MATH = YES;
				SDKROOT = iphoneos;
				SWIFT_COMPILATION_MODE = wholemodule;
				SWIFT_OPTIMIZATION_LEVEL = "-O";
				VALIDATE_PRODUCT = YES;
			};
			name = Release;
		};
		D21C5FB82826F01C00228A71 /* Debug */ = {
			isa = XCBuildConfiguration;
			buildSettings = {
				ASSETCATALOG_COMPILER_APPICON_NAME = AppIcon;
				ASSETCATALOG_COMPILER_GLOBAL_ACCENT_COLOR_NAME = AccentColor;
				CODE_SIGN_STYLE = Automatic;
				CURRENT_PROJECT_VERSION = 1;
				DEVELOPMENT_TEAM = T5P3G3U5C8;
				ENABLE_PREVIEWS = YES;
				GENERATE_INFOPLIST_FILE = YES;
				INFOPLIST_KEY_UIApplicationSceneManifest_Generation = YES;
				INFOPLIST_KEY_UIApplicationSupportsIndirectInputEvents = YES;
				INFOPLIST_KEY_UILaunchScreen_Generation = YES;
				INFOPLIST_KEY_UISupportedInterfaceOrientations_iPad = "UIInterfaceOrientationPortrait UIInterfaceOrientationPortraitUpsideDown UIInterfaceOrientationLandscapeLeft UIInterfaceOrientationLandscapeRight";
				INFOPLIST_KEY_UISupportedInterfaceOrientations_iPhone = "UIInterfaceOrientationPortrait UIInterfaceOrientationLandscapeLeft UIInterfaceOrientationLandscapeRight";
				LD_RUNPATH_SEARCH_PATHS = (
					"$(inherited)",
					"@executable_path/Frameworks",
				);
				MARKETING_VERSION = 1.0;
				PRODUCT_BUNDLE_IDENTIFIER = blipblop.ImageCatalog;
				PRODUCT_NAME = "$(TARGET_NAME)";
				SWIFT_EMIT_LOC_STRINGS = YES;
				SWIFT_VERSION = 5.0;
				TARGETED_DEVICE_FAMILY = "1,2";
			};
			name = Debug;
		};
		D21C5FB92826F01C00228A71 /* Release */ = {
			isa = XCBuildConfiguration;
			buildSettings = {
				ASSETCATALOG_COMPILER_APPICON_NAME = AppIcon;
				ASSETCATALOG_COMPILER_GLOBAL_ACCENT_COLOR_NAME = AccentColor;
				CODE_SIGN_STYLE = Automatic;
				CURRENT_PROJECT_VERSION = 1;
				DEVELOPMENT_TEAM = T5P3G3U5C8;
				ENABLE_PREVIEWS = YES;
				GENERATE_INFOPLIST_FILE = YES;
				INFOPLIST_KEY_UIApplicationSceneManifest_Generation = YES;
				INFOPLIST_KEY_UIApplicationSupportsIndirectInputEvents = YES;
				INFOPLIST_KEY_UILaunchScreen_Generation = YES;
				INFOPLIST_KEY_UISupportedInterfaceOrientations_iPad = "UIInterfaceOrientationPortrait UIInterfaceOrientationPortraitUpsideDown UIInterfaceOrientationLandscapeLeft UIInterfaceOrientationLandscapeRight";
				INFOPLIST_KEY_UISupportedInterfaceOrientations_iPhone = "UIInterfaceOrientationPortrait UIInterfaceOrientationLandscapeLeft UIInterfaceOrientationLandscapeRight";
				LD_RUNPATH_SEARCH_PATHS = (
					"$(inherited)",
					"@executable_path/Frameworks",
				);
				MARKETING_VERSION = 1.0;
				PRODUCT_BUNDLE_IDENTIFIER = blipblop.ImageCatalog;
				PRODUCT_NAME = "$(TARGET_NAME)";
				SWIFT_EMIT_LOC_STRINGS = YES;
				SWIFT_VERSION = 5.0;
				TARGETED_DEVICE_FAMILY = "1,2";
			};
			name = Release;
		};
/* End XCBuildConfiguration section */

/* Begin XCConfigurationList section */
		D21C5FA42826F01900228A71 /* Build configuration list for PBXProject "PhotoCatalog" */ = {
			isa = XCConfigurationList;
			buildConfigurations = (
				D21C5FB52826F01C00228A71 /* Debug */,
				D21C5FB62826F01C00228A71 /* Release */,
			);
			defaultConfigurationIsVisible = 0;
			defaultConfigurationName = Release;
		};
		D21C5FB72826F01C00228A71 /* Build configuration list for PBXNativeTarget "PhotoCatalog" */ = {
			isa = XCConfigurationList;
			buildConfigurations = (
				D21C5FB82826F01C00228A71 /* Debug */,
				D21C5FB92826F01C00228A71 /* Release */,
			);
			defaultConfigurationIsVisible = 0;
			defaultConfigurationName = Release;
		};
/* End XCConfigurationList section */
	};
	rootObject = D21C5FA12826F01900228A71 /* Project object */;
}
